{
  "requires": true,
  "lockfileVersion": 1,
  "dependencies": {
    "ng2-pdf-viewer": {
      "version": "7.0.0",
      "resolved": "https://registry.npmjs.org/ng2-pdf-viewer/-/ng2-pdf-viewer-7.0.0.tgz",
      "integrity": "sha512-xzyrdAIyITYYSHioYosyhom7ZE0CXowtzpTYx0E6HDXLZzY8WEORBVkwNdlAMknN7CW8Lms3qOTHtwY8qtjhtQ==",
      "requires": {
        "pdfjs-dist": "~2.7.570",
        "tslib": "^2.0.0"
      }
    },
    "pdfjs-dist": {
      "version": "2.7.570",
      "resolved": "https://registry.npmjs.org/pdfjs-dist/-/pdfjs-dist-2.7.570.tgz",
      "integrity": "sha512-/ZkA1FwkEOyDaq11JhMLazdwQAA0F9uwrP7h/1L9Akt9KWh1G5/tkzS+bPuUELq2s2GDFnaT+kooN/aSjT7DXQ=="
    },
    "tslib": {
      "version": "2.4.0",
      "resolved": "https://registry.npmjs.org/tslib/-/tslib-2.4.0.tgz",
      "integrity": "sha512-d6xOpEDfsi2CZVlPQzGeux8XMwLT9hssAsaPYExaQMuYskwb+x1x7J371tWlbBdWHroy99KnVB6qIkUbs5X3UQ=="
    }
  }
}
